// !$*UTF8*$!
{
	archiveVersion = 1;
	classes = {
	};
	objectVersion = 50;
	objects = {

/* Begin PBXBuildFile section */
		493A6D7C234C57A7000F3810 /* AppDelegate.swift in Sources */ = {isa = PBXBuildFile; fileRef = 493A6D7B234C57A7000F3810 /* AppDelegate.swift */; };
		493A6D85234C57A8000F3810 /* Assets.xcassets in Resources */ = {isa = PBXBuildFile; fileRef = 493A6D84234C57A8000F3810 /* Assets.xcassets */; };
		493A6D88234C57A8000F3810 /* LaunchScreen.storyboard in Resources */ = {isa = PBXBuildFile; fileRef = 493A6D86234C57A8000F3810 /* LaunchScreen.storyboard */; };
		493A6D93234C57A8000F3810 /* project__03_facebookMeTests.swift in Sources */ = {isa = PBXBuildFile; fileRef = 493A6D92234C57A8000F3810 /* project__03_facebookMeTests.swift */; };
		493A6D9E234C57A8000F3810 /* project__03_facebookMeUITests.swift in Sources */ = {isa = PBXBuildFile; fileRef = 493A6D9D234C57A8000F3810 /* project__03_facebookMeUITests.swift */; };
		493A6DAE234C6A1F000F3810 /* FBMeBaseViewController.swift in Sources */ = {isa = PBXBuildFile; fileRef = 493A6DAD234C6A1F000F3810 /* FBMeBaseViewController.swift */; };
		493A6DB1234C7665000F3810 /* FBMeViewController.swift in Sources */ = {isa = PBXBuildFile; fileRef = 493A6DB0234C7665000F3810 /* FBMeViewController.swift */; };
		493A6DB4234C8A17000F3810 /* FMUser.swift in Sources */ = {isa = PBXBuildFile; fileRef = 493A6DB3234C8A17000F3810 /* FMUser.swift */; };
		493A6DB7234C96E4000F3810 /* FBMeCell.swift in Sources */ = {isa = PBXBuildFile; fileRef = 493A6DB6234C96E4000F3810 /* FBMeCell.swift */; };
		493A6DBA234D8350000F3810 /* UIColor+Extension.swift in Sources */ = {isa = PBXBuildFile; fileRef = 493A6DB9234D8350000F3810 /* UIColor+Extension.swift */; };
		493A6DBC234D8650000F3810 /* Specs.swift in Sources */ = {isa = PBXBuildFile; fileRef = 493A6DBB234D8650000F3810 /* Specs.swift */; };
		493A6DBE234D8D66000F3810 /* TableKeys.swift in Sources */ = {isa = PBXBuildFile; fileRef = 493A6DBD234D8D66000F3810 /* TableKeys.swift */; };
/* End PBXBuildFile section */

/* Begin PBXContainerItemProxy section */
		493A6D8F234C57A8000F3810 /* PBXContainerItemProxy */ = {
			isa = PBXContainerItemProxy;
			containerPortal = 493A6D70234C57A7000F3810 /* Project object */;
			proxyType = 1;
			remoteGlobalIDString = 493A6D77234C57A7000F3810;
			remoteInfo = "project -03 facebookMe";
		};
		493A6D9A234C57A8000F3810 /* PBXContainerItemProxy */ = {
			isa = PBXContainerItemProxy;
			containerPortal = 493A6D70234C57A7000F3810 /* Project object */;
			proxyType = 1;
			remoteGlobalIDString = 493A6D77234C57A7000F3810;
			remoteInfo = "project -03 facebookMe";
		};
/* End PBXContainerItemProxy section */

/* Begin PBXFileReference section */
		493A6D78234C57A7000F3810 /* project -03 facebookMe.app */ = {isa = PBXFileReference; explicitFileType = wrapper.application; includeInIndex = 0; path = "project -03 facebookMe.app"; sourceTree = BUILT_PRODUCTS_DIR; };
		493A6D7B234C57A7000F3810 /* AppDelegate.swift */ = {isa = PBXFileReference; lastKnownFileType = sourcecode.swift; path = AppDelegate.swift; sourceTree = "<group>"; };
		493A6D84234C57A8000F3810 /* Assets.xcassets */ = {isa = PBXFileReference; lastKnownFileType = folder.assetcatalog; path = Assets.xcassets; sourceTree = "<group>"; };
		493A6D87234C57A8000F3810 /* Base */ = {isa = PBXFileReference; lastKnownFileType = file.storyboard; name = Base; path = Base.lproj/LaunchScreen.storyboard; sourceTree = "<group>"; };
		493A6D89234C57A8000F3810 /* Info.plist */ = {isa = PBXFileReference; lastKnownFileType = text.plist.xml; path = Info.plist; sourceTree = "<group>"; };
		493A6D8E234C57A8000F3810 /* project -03 facebookMeTests.xctest */ = {isa = PBXFileReference; explicitFileType = wrapper.cfbundle; includeInIndex = 0; path = "project -03 facebookMeTests.xctest"; sourceTree = BUILT_PRODUCTS_DIR; };
		493A6D92234C57A8000F3810 /* project__03_facebookMeTests.swift */ = {isa = PBXFileReference; lastKnownFileType = sourcecode.swift; path = project__03_facebookMeTests.swift; sourceTree = "<group>"; };
		493A6D94234C57A8000F3810 /* Info.plist */ = {isa = PBXFileReference; lastKnownFileType = text.plist.xml; path = Info.plist; sourceTree = "<group>"; };
		493A6D99234C57A8000F3810 /* project -03 facebookMeUITests.xctest */ = {isa = PBXFileReference; explicitFileType = wrapper.cfbundle; includeInIndex = 0; path = "project -03 facebookMeUITests.xctest"; sourceTree = BUILT_PRODUCTS_DIR; };
		493A6D9D234C57A8000F3810 /* project__03_facebookMeUITests.swift */ = {isa = PBXFileReference; lastKnownFileType = sourcecode.swift; path = project__03_facebookMeUITests.swift; sourceTree = "<group>"; };
		493A6D9F234C57A8000F3810 /* Info.plist */ = {isa = PBXFileReference; lastKnownFileType = text.plist.xml; path = Info.plist; sourceTree = "<group>"; };
		493A6DAD234C6A1F000F3810 /* FBMeBaseViewController.swift */ = {isa = PBXFileReference; lastKnownFileType = sourcecode.swift; path = FBMeBaseViewController.swift; sourceTree = "<group>"; };
		493A6DB0234C7665000F3810 /* FBMeViewController.swift */ = {isa = PBXFileReference; lastKnownFileType = sourcecode.swift; path = FBMeViewController.swift; sourceTree = "<group>"; };
		493A6DB3234C8A17000F3810 /* FMUser.swift */ = {isa = PBXFileReference; lastKnownFileType = sourcecode.swift; path = FMUser.swift; sourceTree = "<group>"; };
		493A6DB6234C96E4000F3810 /* FBMeCell.swift */ = {isa = PBXFileReference; lastKnownFileType = sourcecode.swift; path = FBMeCell.swift; sourceTree = "<group>"; };
		493A6DB9234D8350000F3810 /* UIColor+Extension.swift */ = {isa = PBXFileReference; lastKnownFileType = sourcecode.swift; path = "UIColor+Extension.swift"; sourceTree = "<group>"; };
		493A6DBB234D8650000F3810 /* Specs.swift */ = {isa = PBXFileReference; lastKnownFileType = sourcecode.swift; path = Specs.swift; sourceTree = "<group>"; };
		493A6DBD234D8D66000F3810 /* TableKeys.swift */ = {isa = PBXFileReference; fileEncoding = 4; lastKnownFileType = sourcecode.swift; path = TableKeys.swift; sourceTree = "<group>"; };
/* End PBXFileReference section */

/* Begin PBXFrameworksBuildPhase section */
		493A6D75234C57A7000F3810 /* Frameworks */ = {
			isa = PBXFrameworksBuildPhase;
			buildActionMask = 2147483647;
			files = (
			);
			runOnlyForDeploymentPostprocessing = 0;
		};
		493A6D8B234C57A8000F3810 /* Frameworks */ = {
			isa = PBXFrameworksBuildPhase;
			buildActionMask = 2147483647;
			files = (
			);
			runOnlyForDeploymentPostprocessing = 0;
		};
		493A6D96234C57A8000F3810 /* Frameworks */ = {
			isa = PBXFrameworksBuildPhase;
			buildActionMask = 2147483647;
			files = (
			);
			runOnlyForDeploymentPostprocessing = 0;
		};
/* End PBXFrameworksBuildPhase section */

/* Begin PBXGroup section */
		493A6D6F234C57A7000F3810 = {
			isa = PBXGroup;
			children = (
				493A6D7A234C57A7000F3810 /* project -03 facebookMe */,
				493A6D91234C57A8000F3810 /* project -03 facebookMeTests */,
				493A6D9C234C57A8000F3810 /* project -03 facebookMeUITests */,
				493A6D79234C57A7000F3810 /* Products */,
			);
			sourceTree = "<group>";
		};
		493A6D79234C57A7000F3810 /* Products */ = {
			isa = PBXGroup;
			children = (
				493A6D78234C57A7000F3810 /* project -03 facebookMe.app */,
				493A6D8E234C57A8000F3810 /* project -03 facebookMeTests.xctest */,
				493A6D99234C57A8000F3810 /* project -03 facebookMeUITests.xctest */,
			);
			name = Products;
			sourceTree = "<group>";
		};
		493A6D7A234C57A7000F3810 /* project -03 facebookMe */ = {
			isa = PBXGroup;
			children = (
				493A6D7B234C57A7000F3810 /* AppDelegate.swift */,
				493A6DB8234D7B36000F3810 /* helper */,
				493A6DB5234C96BF000F3810 /* View */,
				493A6DB2234C8A04000F3810 /* Model */,
				493A6DAF234C7600000F3810 /* ViewController */,
				493A6D84234C57A8000F3810 /* Assets.xcassets */,
				493A6D86234C57A8000F3810 /* LaunchScreen.storyboard */,
				493A6D89234C57A8000F3810 /* Info.plist */,
			);
			path = "project -03 facebookMe";
			sourceTree = "<group>";
		};
		493A6D91234C57A8000F3810 /* project -03 facebookMeTests */ = {
			isa = PBXGroup;
			children = (
				493A6D92234C57A8000F3810 /* project__03_facebookMeTests.swift */,
				493A6D94234C57A8000F3810 /* Info.plist */,
			);
			path = "project -03 facebookMeTests";
			sourceTree = "<group>";
		};
		493A6D9C234C57A8000F3810 /* project -03 facebookMeUITests */ = {
			isa = PBXGroup;
			children = (
				493A6D9D234C57A8000F3810 /* project__03_facebookMeUITests.swift */,
				493A6D9F234C57A8000F3810 /* Info.plist */,
			);
			path = "project -03 facebookMeUITests";
			sourceTree = "<group>";
		};
		493A6DAF234C7600000F3810 /* ViewController */ = {
			isa = PBXGroup;
			children = (
				493A6DAD234C6A1F000F3810 /* FBMeBaseViewController.swift */,
				493A6DB0234C7665000F3810 /* FBMeViewController.swift */,
			);
			path = ViewController;
			sourceTree = "<group>";
		};
		493A6DB2234C8A04000F3810 /* Model */ = {
			isa = PBXGroup;
			children = (
				493A6DB3234C8A17000F3810 /* FMUser.swift */,
			);
			path = Model;
			sourceTree = "<group>";
		};
		493A6DB5234C96BF000F3810 /* View */ = {
			isa = PBXGroup;
			children = (
				493A6DB6234C96E4000F3810 /* FBMeCell.swift */,
			);
			path = View;
			sourceTree = "<group>";
		};
		493A6DB8234D7B36000F3810 /* helper */ = {
			isa = PBXGroup;
			children = (
				493A6DB9234D8350000F3810 /* UIColor+Extension.swift */,
				493A6DBB234D8650000F3810 /* Specs.swift */,
				493A6DBD234D8D66000F3810 /* TableKeys.swift */,
			);
			path = helper;
			sourceTree = "<group>";
		};
/* End PBXGroup section */

/* Begin PBXNativeTarget section */
		493A6D77234C57A7000F3810 /* project -03 facebookMe */ = {
			isa = PBXNativeTarget;
			buildConfigurationList = 493A6DA2234C57A8000F3810 /* Build configuration list for PBXNativeTarget "project -03 facebookMe" */;
			buildPhases = (
				493A6D74234C57A7000F3810 /* Sources */,
				493A6D75234C57A7000F3810 /* Frameworks */,
				493A6D76234C57A7000F3810 /* Resources */,
			);
			buildRules = (
			);
			dependencies = (
			);
			name = "project -03 facebookMe";
			productName = "project -03 facebookMe";
			productReference = 493A6D78234C57A7000F3810 /* project -03 facebookMe.app */;
			productType = "com.apple.product-type.application";
		};
		493A6D8D234C57A8000F3810 /* project -03 facebookMeTests */ = {
			isa = PBXNativeTarget;
			buildConfigurationList = 493A6DA5234C57A8000F3810 /* Build configuration list for PBXNativeTarget "project -03 facebookMeTests" */;
			buildPhases = (
				493A6D8A234C57A8000F3810 /* Sources */,
				493A6D8B234C57A8000F3810 /* Frameworks */,
				493A6D8C234C57A8000F3810 /* Resources */,
			);
			buildRules = (
			);
			dependencies = (
				493A6D90234C57A8000F3810 /* PBXTargetDependency */,
			);
			name = "project -03 facebookMeTests";
			productName = "project -03 facebookMeTests";
			productReference = 493A6D8E234C57A8000F3810 /* project -03 facebookMeTests.xctest */;
			productType = "com.apple.product-type.bundle.unit-test";
		};
		493A6D98234C57A8000F3810 /* project -03 facebookMeUITests */ = {
			isa = PBXNativeTarget;
			buildConfigurationList = 493A6DA8234C57A8000F3810 /* Build configuration list for PBXNativeTarget "project -03 facebookMeUITests" */;
			buildPhases = (
				493A6D95234C57A8000F3810 /* Sources */,
				493A6D96234C57A8000F3810 /* Frameworks */,
				493A6D97234C57A8000F3810 /* Resources */,
			);
			buildRules = (
			);
			dependencies = (
				493A6D9B234C57A8000F3810 /* PBXTargetDependency */,
			);
			name = "project -03 facebookMeUITests";
			productName = "project -03 facebookMeUITests";
			productReference = 493A6D99234C57A8000F3810 /* project -03 facebookMeUITests.xctest */;
			productType = "com.apple.product-type.bundle.ui-testing";
		};
/* End PBXNativeTarget section */

/* Begin PBXProject section */
		493A6D70234C57A7000F3810 /* Project object */ = {
			isa = PBXProject;
			attributes = {
				LastSwiftUpdateCheck = 1100;
				LastUpgradeCheck = 1100;
				ORGANIZATIONNAME = "杨玉京";
				TargetAttributes = {
					493A6D77234C57A7000F3810 = {
						CreatedOnToolsVersion = 11.0;
					};
					493A6D8D234C57A8000F3810 = {
						CreatedOnToolsVersion = 11.0;
						TestTargetID = 493A6D77234C57A7000F3810;
					};
					493A6D98234C57A8000F3810 = {
						CreatedOnToolsVersion = 11.0;
						TestTargetID = 493A6D77234C57A7000F3810;
					};
				};
			};
			buildConfigurationList = 493A6D73234C57A7000F3810 /* Build configuration list for PBXProject "project -03 facebookMe" */;
			compatibilityVersion = "Xcode 9.3";
			developmentRegion = en;
			hasScannedForEncodings = 0;
			knownRegions = (
				en,
				Base,
			);
			mainGroup = 493A6D6F234C57A7000F3810;
			productRefGroup = 493A6D79234C57A7000F3810 /* Products */;
			projectDirPath = "";
			projectRoot = "";
			targets = (
				493A6D77234C57A7000F3810 /* project -03 facebookMe */,
				493A6D8D234C57A8000F3810 /* project -03 facebookMeTests */,
				493A6D98234C57A8000F3810 /* project -03 facebookMeUITests */,
			);
		};
/* End PBXProject section */

/* Begin PBXResourcesBuildPhase section */
		493A6D76234C57A7000F3810 /* Resources */ = {
			isa = PBXResourcesBuildPhase;
			buildActionMask = 2147483647;
			files = (
				493A6D88234C57A8000F3810 /* LaunchScreen.storyboard in Resources */,
				493A6D85234C57A8000F3810 /* Assets.xcassets in Resources */,
			);
			runOnlyForDeploymentPostprocessing = 0;
		};
		493A6D8C234C57A8000F3810 /* Resources */ = {
			isa = PBXResourcesBuildPhase;
			buildActionMask = 2147483647;
			files = (
			);
			runOnlyForDeploymentPostprocessing = 0;
		};
		493A6D97234C57A8000F3810 /* Resources */ = {
			isa = PBXResourcesBuildPhase;
			buildActionMask = 2147483647;
			files = (
			);
			runOnlyForDeploymentPostprocessing = 0;
		};
/* End PBXResourcesBuildPhase section */

/* Begin PBXSourcesBuildPhase section */
		493A6D74234C57A7000F3810 /* Sources */ = {
			isa = PBXSourcesBuildPhase;
			buildActionMask = 2147483647;
			files = (
				493A6DB7234C96E4000F3810 /* FBMeCell.swift in Sources */,
				493A6DB1234C7665000F3810 /* FBMeViewController.swift in Sources */,
				493A6DB4234C8A17000F3810 /* FMUser.swift in Sources */,
				493A6DBC234D8650000F3810 /* Specs.swift in Sources */,
				493A6DBA234D8350000F3810 /* UIColor+Extension.swift in Sources */,
				493A6DAE234C6A1F000F3810 /* FBMeBaseViewController.swift in Sources */,
				493A6DBE234D8D66000F3810 /* TableKeys.swift in Sources */,
				493A6D7C234C57A7000F3810 /* AppDelegate.swift in Sources */,
			);
			runOnlyForDeploymentPostprocessing = 0;
		};
		493A6D8A234C57A8000F3810 /* Sources */ = {
			isa = PBXSourcesBuildPhase;
			buildActionMask = 2147483647;
			files = (
				493A6D93234C57A8000F3810 /* project__03_facebookMeTests.swift in Sources */,
			);
			runOnlyForDeploymentPostprocessing = 0;
		};
		493A6D95234C57A8000F3810 /* Sources */ = {
			isa = PBXSourcesBuildPhase;
			buildActionMask = 2147483647;
			files = (
				493A6D9E234C57A8000F3810 /* project__03_facebookMeUITests.swift in Sources */,
			);
			runOnlyForDeploymentPostprocessing = 0;
		};
/* End PBXSourcesBuildPhase section */

/* Begin PBXTargetDependency section */
		493A6D90234C57A8000F3810 /* PBXTargetDependency */ = {
			isa = PBXTargetDependency;
			target = 493A6D77234C57A7000F3810 /* project -03 facebookMe */;
			targetProxy = 493A6D8F234C57A8000F3810 /* PBXContainerItemProxy */;
		};
		493A6D9B234C57A8000F3810 /* PBXTargetDependency */ = {
			isa = PBXTargetDependency;
			target = 493A6D77234C57A7000F3810 /* project -03 facebookMe */;
			targetProxy = 493A6D9A234C57A8000F3810 /* PBXContainerItemProxy */;
		};
/* End PBXTargetDependency section */

/* Begin PBXVariantGroup section */
		493A6D86234C57A8000F3810 /* LaunchScreen.storyboard */ = {
			isa = PBXVariantGroup;
			children = (
				493A6D87234C57A8000F3810 /* Base */,
			);
			name = LaunchScreen.storyboard;
			sourceTree = "<group>";
		};
/* End PBXVariantGroup section */

/* Begin XCBuildConfiguration section */
		493A6DA0234C57A8000F3810 /* Debug */ = {
			isa = XCBuildConfiguration;
			buildSettings = {
				ALWAYS_SEARCH_USER_PATHS = NO;
				CLANG_ANALYZER_NONNULL = YES;
				CLANG_ANALYZER_NUMBER_OBJECT_CONVERSION = YES_AGGRESSIVE;
				CLANG_CXX_LANGUAGE_STANDARD = "gnu++14";
				CLANG_CXX_LIBRARY = "libc++";
				CLANG_ENABLE_MODULES = YES;
				CLANG_ENABLE_OBJC_ARC = YES;
				CLANG_ENABLE_OBJC_WEAK = YES;
				CLANG_WARN_BLOCK_CAPTURE_AUTORELEASING = YES;
				CLANG_WARN_BOOL_CONVERSION = YES;
				CLANG_WARN_COMMA = YES;
				CLANG_WARN_CONSTANT_CONVERSION = YES;
				CLANG_WARN_DEPRECATED_OBJC_IMPLEMENTATIONS = YES;
				CLANG_WARN_DIRECT_OBJC_ISA_USAGE = YES_ERROR;
				CLANG_WARN_DOCUMENTATION_COMMENTS = YES;
				CLANG_WARN_EMPTY_BODY = YES;
				CLANG_WARN_ENUM_CONVERSION = YES;
				CLANG_WARN_INFINITE_RECURSION = YES;
				CLANG_WARN_INT_CONVERSION = YES;
				CLANG_WARN_NON_LITERAL_NULL_CONVERSION = YES;
				CLANG_WARN_OBJC_IMPLICIT_RETAIN_SELF = YES;
				CLANG_WARN_OBJC_LITERAL_CONVERSION = YES;
				CLANG_WARN_OBJC_ROOT_CLASS = YES_ERROR;
				CLANG_WARN_RANGE_LOOP_ANALYSIS = YES;
				CLANG_WARN_STRICT_PROTOTYPES = YES;
				CLANG_WARN_SUSPICIOUS_MOVE = YES;
				CLANG_WARN_UNGUARDED_AVAILABILITY = YES_AGGRESSIVE;
				CLANG_WARN_UNREACHABLE_CODE = YES;
				CLANG_WARN__DUPLICATE_METHOD_MATCH = YES;
				COPY_PHASE_STRIP = NO;
				DEBUG_INFORMATION_FORMAT = dwarf;
				ENABLE_STRICT_OBJC_MSGSEND = YES;
				ENABLE_TESTABILITY = YES;
				GCC_C_LANGUAGE_STANDARD = gnu11;
				GCC_DYNAMIC_NO_PIC = NO;
				GCC_NO_COMMON_BLOCKS = YES;
				GCC_OPTIMIZATION_LEVEL = 0;
				GCC_PREPROCESSOR_DEFINITIONS = (
					"DEBUG=1",
					"$(inherited)",
				);
				GCC_WARN_64_TO_32_BIT_CONVERSION = YES;
				GCC_WARN_ABOUT_RETURN_TYPE = YES_ERROR;
				GCC_WARN_UNDECLARED_SELECTOR = YES;
				GCC_WARN_UNINITIALIZED_AUTOS = YES_AGGRESSIVE;
				GCC_WARN_UNUSED_FUNCTION = YES;
				GCC_WARN_UNUSED_VARIABLE = YES;
				IPHONEOS_DEPLOYMENT_TARGET = 13.0;
				MTL_ENABLE_DEBUG_INFO = INCLUDE_SOURCE;
				MTL_FAST_MATH = YES;
				ONLY_ACTIVE_ARCH = YES;
				SDKROOT = iphoneos;
				SWIFT_ACTIVE_COMPILATION_CONDITIONS = DEBUG;
				SWIFT_OPTIMIZATION_LEVEL = "-Onone";
			};
			name = Debug;
		};
		493A6DA1234C57A8000F3810 /* Release */ = {
			isa = XCBuildConfiguration;
			buildSettings = {
				ALWAYS_SEARCH_USER_PATHS = NO;
				CLANG_ANALYZER_NONNULL = YES;
				CLANG_ANALYZER_NUMBER_OBJECT_CONVERSION = YES_AGGRESSIVE;
				CLANG_CXX_LANGUAGE_STANDARD = "gnu++14";
				CLANG_CXX_LIBRARY = "libc++";
				CLANG_ENABLE_MODULES = YES;
				CLANG_ENABLE_OBJC_ARC = YES;
				CLANG_ENABLE_OBJC_WEAK = YES;
				CLANG_WARN_BLOCK_CAPTURE_AUTORELEASING = YES;
				CLANG_WARN_BOOL_CONVERSION = YES;
				CLANG_WARN_COMMA = YES;
				CLANG_WARN_CONSTANT_CONVERSION = YES;
				CLANG_WARN_DEPRECATED_OBJC_IMPLEMENTATIONS = YES;
				CLANG_WARN_DIRECT_OBJC_ISA_USAGE = YES_ERROR;
				CLANG_WARN_DOCUMENTATION_COMMENTS = YES;
				CLANG_WARN_EMPTY_BODY = YES;
				CLANG_WARN_ENUM_CONVERSION = YES;
				CLANG_WARN_INFINITE_RECURSION = YES;
				CLANG_WARN_INT_CONVERSION = YES;
				CLANG_WARN_NON_LITERAL_NULL_CONVERSION = YES;
				CLANG_WARN_OBJC_IMPLICIT_RETAIN_SELF = YES;
				CLANG_WARN_OBJC_LITERAL_CONVERSION = YES;
				CLANG_WARN_OBJC_ROOT_CLASS = YES_ERROR;
				CLANG_WARN_RANGE_LOOP_ANALYSIS = YES;
				CLANG_WARN_STRICT_PROTOTYPES = YES;
				CLANG_WARN_SUSPICIOUS_MOVE = YES;
				CLANG_WARN_UNGUARDED_AVAILABILITY = YES_AGGRESSIVE;
				CLANG_WARN_UNREACHABLE_CODE = YES;
				CLANG_WARN__DUPLICATE_METHOD_MATCH = YES;
				COPY_PHASE_STRIP = NO;
				DEBUG_INFORMATION_FORMAT = "dwarf-with-dsym";
				ENABLE_NS_ASSERTIONS = NO;
				ENABLE_STRICT_OBJC_MSGSEND = YES;
				GCC_C_LANGUAGE_STANDARD = gnu11;
				GCC_NO_COMMON_BLOCKS = YES;
				GCC_WARN_64_TO_32_BIT_CONVERSION = YES;
				GCC_WARN_ABOUT_RETURN_TYPE = YES_ERROR;
				GCC_WARN_UNDECLARED_SELECTOR = YES;
				GCC_WARN_UNINITIALIZED_AUTOS = YES_AGGRESSIVE;
				GCC_WARN_UNUSED_FUNCTION = YES;
				GCC_WARN_UNUSED_VARIABLE = YES;
				IPHONEOS_DEPLOYMENT_TARGET = 13.0;
				MTL_ENABLE_DEBUG_INFO = NO;
				MTL_FAST_MATH = YES;
				SDKROOT = iphoneos;
				SWIFT_COMPILATION_MODE = wholemodule;
				SWIFT_OPTIMIZATION_LEVEL = "-O";
				VALIDATE_PRODUCT = YES;
			};
			name = Release;
		};
		493A6DA3234C57A8000F3810 /* Debug */ = {
			isa = XCBuildConfiguration;
			buildSettings = {
				ASSETCATALOG_COMPILER_APPICON_NAME = AppIcon;
				CODE_SIGN_STYLE = Automatic;
				DEVELOPMENT_TEAM = 56NGMCS5S7;
				INFOPLIST_FILE = "project -03 facebookMe/Info.plist";
				LD_RUNPATH_SEARCH_PATHS = (
					"$(inherited)",
					"@executable_path/Frameworks",
				);
				PRODUCT_BUNDLE_IDENTIFIER = "com.xcode.yyj.project--03-facebookMe";
				PRODUCT_NAME = "$(TARGET_NAME)";
				SWIFT_VERSION = 5.0;
				TARGETED_DEVICE_FAMILY = "1,2";
			};
			name = Debug;
		};
		493A6DA4234C57A8000F3810 /* Release */ = {
			isa = XCBuildConfiguration;
			buildSettings = {
				ASSETCATALOG_COMPILER_APPICON_NAME = AppIcon;
				CODE_SIGN_STYLE = Automatic;
				DEVELOPMENT_TEAM = 56NGMCS5S7;
				INFOPLIST_FILE = "project -03 facebookMe/Info.plist";
				LD_RUNPATH_SEARCH_PATHS = (
					"$(inherited)",
					"@executable_path/Frameworks",
				);
				PRODUCT_BUNDLE_IDENTIFIER = "com.xcode.yyj.project--03-facebookMe";
				PRODUCT_NAME = "$(TARGET_NAME)";
				SWIFT_VERSION = 5.0;
				TARGETED_DEVICE_FAMILY = "1,2";
			};
			name = Release;
		};
		493A6DA6234C57A8000F3810 /* Debug */ = {
			isa = XCBuildConfiguration;
			buildSettings = {
				ALWAYS_EMBED_SWIFT_STANDARD_LIBRARIES = YES;
				BUNDLE_LOADER = "$(TEST_HOST)";
				CODE_SIGN_STYLE = Automatic;
				DEVELOPMENT_TEAM = 56NGMCS5S7;
				INFOPLIST_FILE = "project -03 facebookMeTests/Info.plist";
				IPHONEOS_DEPLOYMENT_TARGET = 13.0;
				LD_RUNPATH_SEARCH_PATHS = (
					"$(inherited)",
					"@executable_path/Frameworks",
					"@loader_path/Frameworks",
				);
				PRODUCT_BUNDLE_IDENTIFIER = "com.xcode.yyj.project--03-facebookMeTests";
				PRODUCT_NAME = "$(TARGET_NAME)";
				SWIFT_VERSION = 5.0;
				TARGETED_DEVICE_FAMILY = "1,2";
				TEST_HOST = "$(BUILT_PRODUCTS_DIR)/project -03 facebookMe.app/project -03 facebookMe";
			};
			name = Debug;
		};
		493A6DA7234C57A8000F3810 /* Release */ = {
			isa = XCBuildConfiguration;
			buildSettings = {
				ALWAYS_EMBED_SWIFT_STANDARD_LIBRARIES = YES;
				BUNDLE_LOADER = "$(TEST_HOST)";
				CODE_SIGN_STYLE = Automatic;
				DEVELOPMENT_TEAM = 56NGMCS5S7;
				INFOPLIST_FILE = "project -03 facebookMeTests/Info.plist";
				IPHONEOS_DEPLOYMENT_TARGET = 13.0;
				LD_RUNPATH_SEARCH_PATHS = (
					"$(inherited)",
					"@executable_path/Frameworks",
					"@loader_path/Frameworks",
				);
				PRODUCT_BUNDLE_IDENTIFIER = "com.xcode.yyj.project--03-facebookMeTests";
				PRODUCT_NAME = "$(TARGET_NAME)";
				SWIFT_VERSION = 5.0;
				TARGETED_DEVICE_FAMILY = "1,2";
				TEST_HOST = "$(BUILT_PRODUCTS_DIR)/project -03 facebookMe.app/project -03 facebookMe";
			};
			name = Release;
		};
		493A6DA9234C57A8000F3810 /* Debug */ = {
			isa = XCBuildConfiguration;
			buildSettings = {
				ALWAYS_EMBED_SWIFT_STANDARD_LIBRARIES = YES;
				CODE_SIGN_STYLE = Automatic;
				DEVELOPMENT_TEAM = 56NGMCS5S7;
				INFOPLIST_FILE = "project -03 facebookMeUITests/Info.plist";
				LD_RUNPATH_SEARCH_PATHS = (
					"$(inherited)",
					"@executable_path/Frameworks",
					"@loader_path/Frameworks",
				);
				PRODUCT_BUNDLE_IDENTIFIER = "com.xcode.yyj.project--03-facebookMeUITests";
				PRODUCT_NAME = "$(TARGET_NAME)";
				SWIFT_VERSION = 5.0;
				TARGETED_DEVICE_FAMILY = "1,2";
				TEST_TARGET_NAME = "project -03 facebookMe";
			};
			name = Debug;
		};
		493A6DAA234C57A8000F3810 /* Release */ = {
			isa = XCBuildConfiguration;
			buildSettings = {
				ALWAYS_EMBED_SWIFT_STANDARD_LIBRARIES = YES;
				CODE_SIGN_STYLE = Automatic;
				DEVELOPMENT_TEAM = 56NGMCS5S7;
				INFOPLIST_FILE = "project -03 facebookMeUITests/Info.plist";
				LD_RUNPATH_SEARCH_PATHS = (
					"$(inherited)",
					"@executable_path/Frameworks",
					"@loader_path/Frameworks",
				);
				PRODUCT_BUNDLE_IDENTIFIER = "com.xcode.yyj.project--03-facebookMeUITests";
				PRODUCT_NAME = "$(TARGET_NAME)";
				SWIFT_VERSION = 5.0;
				TARGETED_DEVICE_FAMILY = "1,2";
				TEST_TARGET_NAME = "project -03 facebookMe";
			};
			name = Release;
		};
/* End XCBuildConfiguration section */

/* Begin XCConfigurationList section */
		493A6D73234C57A7000F3810 /* Build configuration list for PBXProject "project -03 facebookMe" */ = {
			isa = XCConfigurationList;
			buildConfigurations = (
				493A6DA0234C57A8000F3810 /* Debug */,
				493A6DA1234C57A8000F3810 /* Release */,
			);
			defaultConfigurationIsVisible = 0;
			defaultConfigurationName = Release;
		};
		493A6DA2234C57A8000F3810 /* Build configuration list for PBXNativeTarget "project -03 facebookMe" */ = {
			isa = XCConfigurationList;
			buildConfigurations = (
				493A6DA3234C57A8000F3810 /* Debug */,
				493A6DA4234C57A8000F3810 /* Release */,
			);
			defaultConfigurationIsVisible = 0;
			defaultConfigurationName = Release;
		};
		493A6DA5234C57A8000F3810 /* Build configuration list for PBXNativeTarget "project -03 facebookMeTests" */ = {
			isa = XCConfigurationList;
			buildConfigurations = (
				493A6DA6234C57A8000F3810 /* Debug */,
				493A6DA7234C57A8000F3810 /* Release */,
			);
			defaultConfigurationIsVisible = 0;
			defaultConfigurationName = Release;
		};
		493A6DA8234C57A8000F3810 /* Build configuration list for PBXNativeTarget "project -03 facebookMeUITests" */ = {
			isa = XCConfigurationList;
			buildConfigurations = (
				493A6DA9234C57A8000F3810 /* Debug */,
				493A6DAA234C57A8000F3810 /* Release */,
			);
			defaultConfigurationIsVisible = 0;
			defaultConfigurationName = Release;
		};
/* End XCConfigurationList section */
	};
	rootObject = 493A6D70234C57A7000F3810 /* Project object */;
}
